
Microsoft Visual Studio Solution File, Format Version 12.00
# Visual Studio Version 16
VisualStudioVersion = 16.0.30523.141
MinimumVisualStudioVersion = 10.0.40219.1
Project("{8BC9CEB8-8B4A-11D0-8D11-00A0C91BC942}") = "lab6.3", "lab6.3\lab6.3.vcxproj", "{C4771135-C7A0-433D-890D-8B89AD4D083D}"
EndProject
Global
	GlobalSection(SolutionConfigurationPlatforms) = preSolution
		Debug|x64 = Debug|x64
		Debug|x86 = Debug|x86
		Release|x64 = Release|x64
		Release|x86 = Release|x86
	EndGlobalSection
	GlobalSection(ProjectConfigurationPlatforms) = postSolution
		{C4771135-C7A0-433D-890D-8B89AD4D083D}.Debug|x64.ActiveCfg = Debug|x64
		{C4771135-C7A0-433D-890D-8B89AD4D083D}.Debug|x64.Build.0 = Debug|x64
		{C4771135-C7A0-433D-890D-8B89AD4D083D}.Debug|x86.ActiveCfg = Debug|Win32
		{C4771135-C7A0-433D-890D-8B89AD4D083D}.Debug|x86.Build.0 = Debug|Win32
		{C4771135-C7A0-433D-890D-8B89AD4D083D}.Release|x64.ActiveCfg = Release|x64
		{C4771135-C7A0-433D-890D-8B89AD4D083D}.Release|x64.Build.0 = Release|x64
		{C4771135-C7A0-433D-890D-8B89AD4D083D}.Release|x86.ActiveCfg = Release|Win32
		{C4771135-C7A0-433D-890D-8B89AD4D083D}.Release|x86.Build.0 = Release|Win32
	EndGlobalSection
	GlobalSection(SolutionProperties) = preSolution
		HideSolutionNode = FALSE
	EndGlobalSection
	GlobalSection(ExtensibilityGlobals) = postSolution
		SolutionGuid = {2C8FD283-5171-42D3-9E97-BEB6B1BC46D8}
	EndGlobalSection
EndGlobal
